Microsoft Visual Studio Solution File, Format Version 12.00
# Visual Studio Version 16
VisualStudioVersion = 16.0.31205.134
MinimumVisualStudioVersion = 10.0.40219.1
Project("{8BC9CEB8-8B4A-11D0-8D11-00A0C91BC942}") = "appclient", "appclient.vcxproj", "{4C848417-B545-468B-AA0C-44EE73BC7B9B}"
EndProject
Project("{8BC9CEB8-8B4A-11D0-8D11-00A0C91BC942}") = "appserver", "appserver.vcxproj", "{1F726B88-8807-4E99-9982-CCE33198BEE8}"
EndProject
Project("{8BC9CEB8-8B4A-11D0-8D11-00A0C91BC942}") = "recvfile", "recvfile.vcxproj", "{3D73B2C7-9C2A-4901-9714-03FFB9367644}"
EndProject
Project("{8BC9CEB8-8B4A-11D0-8D11-00A0C91BC942}") = "sendfile", "sendfile.vcxproj", "{88AFBB12-0392-4210-A89C-E932BE3AB2E0}"
EndProject
Project("{8BC9CEB8-8B4A-11D0-8D11-00A0C91BC942}") = "udt", "udt.vcxproj", "{D84D100A-7C21-4CCB-B16E-0FB37137C16C}"
EndProject
Project("{8BC9CEB8-8B4A-11D0-8D11-00A0C91BC942}") = "test", "test.vcxproj", "{C70F9A98-ECFF-4DC7-895D-0E41936BD1BA}"
EndProject
Project("{9A19103F-16F7-4668-BE54-9A1E7A4F7556}") = "udt.NetCore", "..\udt.NetCore\udt.NetCore.csproj", "{C270D14B-6584-4CFF-9045-D1A5A65BDE35}"
EndProject
Project("{9A19103F-16F7-4668-BE54-9A1E7A4F7556}") = "Srv", "..\Srv\Srv.csproj", "{29B41A30-13C4-4261-8F4C-A1A68834D755}"
EndProject
Project("{9A19103F-16F7-4668-BE54-9A1E7A4F7556}") = "UdtCSharp", "..\UdtCSharp\UdtCSharp.csproj", "{297A8C74-01E6-488B-949B-92E74CC7C22E}"
EndProject
Project("{FAE04EC0-301F-11D3-BF4B-00C04F79EFBC}") = "IUdtSocket", "..\IUdtSocket\IUdtSocket.csproj", "{3A89ADEF-0D7A-40C9-87FE-C75E1BD1B581}"
EndProject
Global
	GlobalSection(SolutionConfigurationPlatforms) = preSolution
		Debug|Any CPU = Debug|Any CPU
		Debug|x64 = Debug|x64
		Debug|x86 = Debug|x86
		Release|Any CPU = Release|Any CPU
		Release|x64 = Release|x64
		Release|x86 = Release|x86
	EndGlobalSection
	GlobalSection(ProjectConfigurationPlatforms) = postSolution
		{4C848417-B545-468B-AA0C-44EE73BC7B9B}.Debug|Any CPU.ActiveCfg = Debug|Win32
		{4C848417-B545-468B-AA0C-44EE73BC7B9B}.Debug|x64.ActiveCfg = Debug|Win32
		{4C848417-B545-468B-AA0C-44EE73BC7B9B}.Debug|x86.ActiveCfg = Debug|Win32
		{4C848417-B545-468B-AA0C-44EE73BC7B9B}.Debug|x86.Build.0 = Debug|Win32
		{4C848417-B545-468B-AA0C-44EE73BC7B9B}.Release|Any CPU.ActiveCfg = Release|Win32
		{4C848417-B545-468B-AA0C-44EE73BC7B9B}.Release|x64.ActiveCfg = Release|Win32
		{4C848417-B545-468B-AA0C-44EE73BC7B9B}.Release|x86.ActiveCfg = Release|Win32
		{4C848417-B545-468B-AA0C-44EE73BC7B9B}.Release|x86.Build.0 = Release|Win32
		{1F726B88-8807-4E99-9982-CCE33198BEE8}.Debug|Any CPU.ActiveCfg = Debug|Win32
		{1F726B88-8807-4E99-9982-CCE33198BEE8}.Debug|x64.ActiveCfg = Debug|Win32
		{1F726B88-8807-4E99-9982-CCE33198BEE8}.Debug|x86.ActiveCfg = Debug|Win32
		{1F726B88-8807-4E99-9982-CCE33198BEE8}.Debug|x86.Build.0 = Debug|Win32
		{1F726B88-8807-4E99-9982-CCE33198BEE8}.Release|Any CPU.ActiveCfg = Release|Win32
		{1F726B88-8807-4E99-9982-CCE33198BEE8}.Release|x64.ActiveCfg = Release|Win32
		{1F726B88-8807-4E99-9982-CCE33198BEE8}.Release|x86.ActiveCfg = Release|Win32
		{1F726B88-8807-4E99-9982-CCE33198BEE8}.Release|x86.Build.0 = Release|Win32
		{3D73B2C7-9C2A-4901-9714-03FFB9367644}.Debug|Any CPU.ActiveCfg = Debug|Win32
		{3D73B2C7-9C2A-4901-9714-03FFB9367644}.Debug|x64.ActiveCfg = Debug|Win32
		{3D73B2C7-9C2A-4901-9714-03FFB9367644}.Debug|x86.ActiveCfg = Debug|Win32
		{3D73B2C7-9C2A-4901-9714-03FFB9367644}.Debug|x86.Build.0 = Debug|Win32
		{3D73B2C7-9C2A-4901-9714-03FFB9367644}.Release|Any CPU.ActiveCfg = Release|Win32
		{3D73B2C7-9C2A-4901-9714-03FFB9367644}.Release|x64.ActiveCfg = Release|Win32
		{3D73B2C7-9C2A-4901-9714-03FFB9367644}.Release|x86.ActiveCfg = Release|Win32
		{3D73B2C7-9C2A-4901-9714-03FFB9367644}.Release|x86.Build.0 = Release|Win32
		{88AFBB12-0392-4210-A89C-E932BE3AB2E0}.Debug|Any CPU.ActiveCfg = Debug|Win32
		{88AFBB12-0392-4210-A89C-E932BE3AB2E0}.Debug|x64.ActiveCfg = Debug|Win32
		{88AFBB12-0392-4210-A89C-E932BE3AB2E0}.Debug|x86.ActiveCfg = Debug|Win32
		{88AFBB12-0392-4210-A89C-E932BE3AB2E0}.Debug|x86.Build.0 = Debug|Win32
		{88AFBB12-0392-4210-A89C-E932BE3AB2E0}.Release|Any CPU.ActiveCfg = Release|Win32
		{88AFBB12-0392-4210-A89C-E932BE3AB2E0}.Release|x64.ActiveCfg = Release|Win32
		{88AFBB12-0392-4210-A89C-E932BE3AB2E0}.Release|x86.ActiveCfg = Release|Win32
		{88AFBB12-0392-4210-A89C-E932BE3AB2E0}.Release|x86.Build.0 = Release|Win32
		{D84D100A-7C21-4CCB-B16E-0FB37137C16C}.Debug|Any CPU.ActiveCfg = Debug|x64
		{D84D100A-7C21-4CCB-B16E-0FB37137C16C}.Debug|Any CPU.Build.0 = Debug|x64
		{D84D100A-7C21-4CCB-B16E-0FB37137C16C}.Debug|x64.ActiveCfg = Debug|x64
		{D84D100A-7C21-4CCB-B16E-0FB37137C16C}.Debug|x64.Build.0 = Debug|x64
		{D84D100A-7C21-4CCB-B16E-0FB37137C16C}.Debug|x86.ActiveCfg = Debug|Win32
		{D84D100A-7C21-4CCB-B16E-0FB37137C16C}.Debug|x86.Build.0 = Debug|Win32
		{D84D100A-7C21-4CCB-B16E-0FB37137C16C}.Release|Any CPU.ActiveCfg = Release|Win32
		{D84D100A-7C21-4CCB-B16E-0FB37137C16C}.Release|x64.ActiveCfg = Release|x64
		{D84D100A-7C21-4CCB-B16E-0FB37137C16C}.Release|x64.Build.0 = Release|x64
		{D84D100A-7C21-4CCB-B16E-0FB37137C16C}.Release|x86.ActiveCfg = Release|Win32
		{D84D100A-7C21-4CCB-B16E-0FB37137C16C}.Release|x86.Build.0 = Release|Win32
		{C70F9A98-ECFF-4DC7-895D-0E41936BD1BA}.Debug|Any CPU.ActiveCfg = Debug|Win32
		{C70F9A98-ECFF-4DC7-895D-0E41936BD1BA}.Debug|x64.ActiveCfg = Debug|Win32
		{C70F9A98-ECFF-4DC7-895D-0E41936BD1BA}.Debug|x86.ActiveCfg = Debug|Win32
		{C70F9A98-ECFF-4DC7-895D-0E41936BD1BA}.Debug|x86.Build.0 = Debug|Win32
		{C70F9A98-ECFF-4DC7-895D-0E41936BD1BA}.Release|Any CPU.ActiveCfg = Release|Win32
		{C70F9A98-ECFF-4DC7-895D-0E41936BD1BA}.Release|x64.ActiveCfg = Release|Win32
		{C70F9A98-ECFF-4DC7-895D-0E41936BD1BA}.Release|x86.ActiveCfg = Release|Win32
		{C70F9A98-ECFF-4DC7-895D-0E41936BD1BA}.Release|x86.Build.0 = Release|Win32
		{C270D14B-6584-4CFF-9045-D1A5A65BDE35}.Debug|Any CPU.ActiveCfg = Debug|Any CPU
		{C270D14B-6584-4CFF-9045-D1A5A65BDE35}.Debug|Any CPU.Build.0 = Debug|Any CPU
		{C270D14B-6584-4CFF-9045-D1A5A65BDE35}.Debug|x64.ActiveCfg = Debug|Any CPU
		{C270D14B-6584-4CFF-9045-D1A5A65BDE35}.Debug|x64.Build.0 = Debug|Any CPU
		{C270D14B-6584-4CFF-9045-D1A5A65BDE35}.Debug|x86.ActiveCfg = Debug|Any CPU
		{C270D14B-6584-4CFF-9045-D1A5A65BDE35}.Debug|x86.Build.0 = Debug|Any CPU
		{C270D14B-6584-4CFF-9045-D1A5A65BDE35}.Release|Any CPU.ActiveCfg = Release|Any CPU
		{C270D14B-6584-4CFF-9045-D1A5A65BDE35}.Release|Any CPU.Build.0 = Release|Any CPU
		{C270D14B-6584-4CFF-9045-D1A5A65BDE35}.Release|x64.ActiveCfg = Release|Any CPU
		{C270D14B-6584-4CFF-9045-D1A5A65BDE35}.Release|x64.Build.0 = Release|Any CPU
		{C270D14B-6584-4CFF-9045-D1A5A65BDE35}.Release|x86.ActiveCfg = Release|Any CPU
		{C270D14B-6584-4CFF-9045-D1A5A65BDE35}.Release|x86.Build.0 = Release|Any CPU
		{29B41A30-13C4-4261-8F4C-A1A68834D755}.Debug|Any CPU.ActiveCfg = Debug|Any CPU
		{29B41A30-13C4-4261-8F4C-A1A68834D755}.Debug|Any CPU.Build.0 = Debug|Any CPU
		{29B41A30-13C4-4261-8F4C-A1A68834D755}.Debug|x64.ActiveCfg = Debug|Any CPU
		{29B41A30-13C4-4261-8F4C-A1A68834D755}.Debug|x64.Build.0 = Debug|Any CPU
		{29B41A30-13C4-4261-8F4C-A1A68834D755}.Debug|x86.ActiveCfg = Debug|Any CPU
		{29B41A30-13C4-4261-8F4C-A1A68834D755}.Debug|x86.Build.0 = Debug|Any CPU
		{29B41A30-13C4-4261-8F4C-A1A68834D755}.Release|Any CPU.ActiveCfg = Release|Any CPU
		{29B41A30-13C4-4261-8F4C-A1A68834D755}.Release|Any CPU.Build.0 = Release|Any CPU
		{29B41A30-13C4-4261-8F4C-A1A68834D755}.Release|x64.ActiveCfg = Release|Any CPU
		{29B41A30-13C4-4261-8F4C-A1A68834D755}.Release|x64.Build.0 = Release|Any CPU
		{29B41A30-13C4-4261-8F4C-A1A68834D755}.Release|x86.ActiveCfg = Release|Any CPU
		{29B41A30-13C4-4261-8F4C-A1A68834D755}.Release|x86.Build.0 = Release|Any CPU
		{297A8C74-01E6-488B-949B-92E74CC7C22E}.Debug|Any CPU.ActiveCfg = Debug|Any CPU
		{297A8C74-01E6-488B-949B-92E74CC7C22E}.Debug|Any CPU.Build.0 = Debug|Any CPU
		{297A8C74-01E6-488B-949B-92E74CC7C22E}.Debug|x64.ActiveCfg = Debug|Any CPU
		{297A8C74-01E6-488B-949B-92E74CC7C22E}.Debug|x64.Build.0 = Debug|Any CPU
		{297A8C74-01E6-488B-949B-92E74CC7C22E}.Debug|x86.ActiveCfg = Debug|Any CPU
		{297A8C74-01E6-488B-949B-92E74CC7C22E}.Debug|x86.Build.0 = Debug|Any CPU
		{297A8C74-01E6-488B-949B-92E74CC7C22E}.Release|Any CPU.ActiveCfg = Release|Any CPU
		{297A8C74-01E6-488B-949B-92E74CC7C22E}.Release|Any CPU.Build.0 = Release|Any CPU
		{297A8C74-01E6-488B-949B-92E74CC7C22E}.Release|x64.ActiveCfg = Release|Any CPU
		{297A8C74-01E6-488B-949B-92E74CC7C22E}.Release|x64.Build.0 = Release|Any CPU
		{297A8C74-01E6-488B-949B-92E74CC7C22E}.Release|x86.ActiveCfg = Release|Any CPU
		{297A8C74-01E6-488B-949B-92E74CC7C22E}.Release|x86.Build.0 = Release|Any CPU
		{3A89ADEF-0D7A-40C9-87FE-C75E1BD1B581}.Debug|Any CPU.ActiveCfg = Debug|Any CPU
		{3A89ADEF-0D7A-40C9-87FE-C75E1BD1B581}.Debug|Any CPU.Build.0 = Debug|Any CPU
		{3A89ADEF-0D7A-40C9-87FE-C75E1BD1B581}.Debug|x64.ActiveCfg = Debug|Any CPU
		{3A89ADEF-0D7A-40C9-87FE-C75E1BD1B581}.Debug|x64.Build.0 = Debug|Any CPU
		{3A89ADEF-0D7A-40C9-87FE-C75E1BD1B581}.Debug|x86.ActiveCfg = Debug|Any CPU
		{3A89ADEF-0D7A-40C9-87FE-C75E1BD1B581}.Debug|x86.Build.0 = Debug|Any CPU
		{3A89ADEF-0D7A-40C9-87FE-C75E1BD1B581}.Release|Any CPU.ActiveCfg = Release|Any CPU
		{3A89ADEF-0D7A-40C9-87FE-C75E1BD1B581}.Release|Any CPU.Build.0 = Release|Any CPU
		{3A89ADEF-0D7A-40C9-87FE-C75E1BD1B581}.Release|x64.ActiveCfg = Release|Any CPU
		{3A89ADEF-0D7A-40C9-87FE-C75E1BD1B581}.Release|x64.Build.0 = Release|Any CPU
		{3A89ADEF-0D7A-40C9-87FE-C75E1BD1B581}.Release|x86.ActiveCfg = Release|Any CPU
		{3A89ADEF-0D7A-40C9-87FE-C75E1BD1B581}.Release|x86.Build.0 = Release|Any CPU
	EndGlobalSection
	GlobalSection(SolutionProperties) = preSolution
		HideSolutionNode = FALSE
	EndGlobalSection
	GlobalSection(ExtensibilityGlobals) = postSolution
		SolutionGuid = {87F9EC56-CF68-4EF1-95DD-580E71D52E6F}
	EndGlobalSection
EndGlobal
